// !$*UTF8*$!
{
	archiveVersion = 1;
	classes = {
	};
	objectVersion = 46;
	objects = {

/* Begin PBXBuildFile section */
		2DF1355E1A077C11009B785B /* AppDelegate.swift in Sources */ = {isa = PBXBuildFile; fileRef = 2DF1355D1A077C11009B785B /* AppDelegate.swift */; };
		2DF135601A077C11009B785B /* ViewController.swift in Sources */ = {isa = PBXBuildFile; fileRef = 2DF1355F1A077C11009B785B /* ViewController.swift */; };
		2DF135631A077C11009B785B /* Main.storyboard in Resources */ = {isa = PBXBuildFile; fileRef = 2DF135611A077C11009B785B /* Main.storyboard */; };
		2DF135651A077C11009B785B /* Images.xcassets in Resources */ = {isa = PBXBuildFile; fileRef = 2DF135641A077C11009B785B /* Images.xcassets */; };
		2DF135681A077C11009B785B /* LaunchScreen.xib in Resources */ = {isa = PBXBuildFile; fileRef = 2DF135661A077C11009B785B /* LaunchScreen.xib */; };
		2DF135741A077C11009B785B /* xghelperTests.swift in Sources */ = {isa = PBXBuildFile; fileRef = 2DF135731A077C11009B785B /* xghelperTests.swift */; };
/* End PBXBuildFile section */

/* Begin PBXContainerItemProxy section */
		2DF1356E1A077C11009B785B /* PBXContainerItemProxy */ = {
			isa = PBXContainerItemProxy;
			containerPortal = 2DF135501A077C11009B785B /* Project object */;
			proxyType = 1;
			remoteGlobalIDString = 2DF135571A077C11009B785B;
			remoteInfo = xghelper;
		};
/* End PBXContainerItemProxy section */

/* Begin PBXFileReference section */
		2DF135581A077C11009B785B /* xghelper.app */ = {isa = PBXFileReference; explicitFileType = wrapper.application; includeInIndex = 0; path = xghelper.app; sourceTree = BUILT_PRODUCTS_DIR; };
		2DF1355C1A077C11009B785B /* Info.plist */ = {isa = PBXFileReference; lastKnownFileType = text.plist.xml; path = Info.plist; sourceTree = "<group>"; };
		2DF1355D1A077C11009B785B /* AppDelegate.swift */ = {isa = PBXFileReference; lastKnownFileType = sourcecode.swift; path = AppDelegate.swift; sourceTree = "<group>"; };
		2DF1355F1A077C11009B785B /* ViewController.swift */ = {isa = PBXFileReference; lastKnownFileType = sourcecode.swift; path = ViewController.swift; sourceTree = "<group>"; };
		2DF135621A077C11009B785B /* Base */ = {isa = PBXFileReference; lastKnownFileType = file.storyboard; name = Base; path = Base.lproj/Main.storyboard; sourceTree = "<group>"; };
		2DF135641A077C11009B785B /* Images.xcassets */ = {isa = PBXFileReference; lastKnownFileType = folder.assetcatalog; path = Images.xcassets; sourceTree = "<group>"; };
		2DF135671A077C11009B785B /* Base */ = {isa = PBXFileReference; lastKnownFileType = file.xib; name = Base; path = Base.lproj/LaunchScreen.xib; sourceTree = "<group>"; };
		2DF1356D1A077C11009B785B /* xghelperTests.xctest */ = {isa = PBXFileReference; explicitFileType = wrapper.cfbundle; includeInIndex = 0; path = xghelperTests.xctest; sourceTree = BUILT_PRODUCTS_DIR; };
		2DF135721A077C11009B785B /* Info.plist */ = {isa = PBXFileReference; lastKnownFileType = text.plist.xml; path = Info.plist; sourceTree = "<group>"; };
		2DF135731A077C11009B785B /* xghelperTests.swift */ = {isa = PBXFileReference; lastKnownFileType = sourcecode.swift; path = xghelperTests.swift; sourceTree = "<group>"; };
/* End PBXFileReference section */

/* Begin PBXFrameworksBuildPhase section */
		2DF135551A077C11009B785B /* Frameworks */ = {
			isa = PBXFrameworksBuildPhase;
			buildActionMask = 2147483647;
			files = (
			);
			runOnlyForDeploymentPostprocessing = 0;
		};
		2DF1356A1A077C11009B785B /* Frameworks */ = {
			isa = PBXFrameworksBuildPhase;
			buildActionMask = 2147483647;
			files = (
			);
			runOnlyForDeploymentPostprocessing = 0;
		};
/* End PBXFrameworksBuildPhase section */

/* Begin PBXGroup section */
		2DF1354F1A077C11009B785B = {
			isa = PBXGroup;
			children = (
				2DF1355A1A077C11009B785B /* xghelper */,
				2DF135701A077C11009B785B /* xghelperTests */,
				2DF135591A077C11009B785B /* Products */,
			);
			sourceTree = "<group>";
		};
		2DF135591A077C11009B785B /* Products */ = {
			isa = PBXGroup;
			children = (
				2DF135581A077C11009B785B /* xghelper.app */,
				2DF1356D1A077C11009B785B /* xghelperTests.xctest */,
			);
			name = Products;
			sourceTree = "<group>";
		};
		2DF1355A1A077C11009B785B /* xghelper */ = {
			isa = PBXGroup;
			children = (
				2DF1355D1A077C11009B785B /* AppDelegate.swift */,
				2DF1355F1A077C11009B785B /* ViewController.swift */,
				2DF135611A077C11009B785B /* Main.storyboard */,
				2DF135641A077C11009B785B /* Images.xcassets */,
				2DF135661A077C11009B785B /* LaunchScreen.xib */,
				2DF1355B1A077C11009B785B /* Supporting Files */,
			);
			path = xghelper;
			sourceTree = "<group>";
		};
		2DF1355B1A077C11009B785B /* Supporting Files */ = {
			isa = PBXGroup;
			children = (
				2DF1355C1A077C11009B785B /* Info.plist */,
			);
			name = "Supporting Files";
			sourceTree = "<group>";
		};
		2DF135701A077C11009B785B /* xghelperTests */ = {
			isa = PBXGroup;
			children = (
				2DF135731A077C11009B785B /* xghelperTests.swift */,
				2DF135711A077C11009B785B /* Supporting Files */,
			);
			path = xghelperTests;
			sourceTree = "<group>";
		};
		2DF135711A077C11009B785B /* Supporting Files */ = {
			isa = PBXGroup;
			children = (
				2DF135721A077C11009B785B /* Info.plist */,
			);
			name = "Supporting Files";
			sourceTree = "<group>";
		};
/* End PBXGroup section */

/* Begin PBXNativeTarget section */
		2DF135571A077C11009B785B /* xghelper */ = {
			isa = PBXNativeTarget;
			buildConfigurationList = 2DF135771A077C11009B785B /* Build configuration list for PBXNativeTarget "xghelper" */;
			buildPhases = (
				2DF135541A077C11009B785B /* Sources */,
				2DF135551A077C11009B785B /* Frameworks */,
				2DF135561A077C11009B785B /* Resources */,
			);
			buildRules = (
			);
			dependencies = (
			);
			name = xghelper;
			productName = xghelper;
			productReference = 2DF135581A077C11009B785B /* xghelper.app */;
			productType = "com.apple.product-type.application";
		};
		2DF1356C1A077C11009B785B /* xghelperTests */ = {
			isa = PBXNativeTarget;
			buildConfigurationList = 2DF1357A1A077C11009B785B /* Build configuration list for PBXNativeTarget "xghelperTests" */;
			buildPhases = (
				2DF135691A077C11009B785B /* Sources */,
				2DF1356A1A077C11009B785B /* Frameworks */,
				2DF1356B1A077C11009B785B /* Resources */,
			);
			buildRules = (
			);
			dependencies = (
				2DF1356F1A077C11009B785B /* PBXTargetDependency */,
			);
			name = xghelperTests;
			productName = xghelperTests;
			productReference = 2DF1356D1A077C11009B785B /* xghelperTests.xctest */;
			productType = "com.apple.product-type.bundle.unit-test";
		};
/* End PBXNativeTarget section */

/* Begin PBXProject section */
		2DF135501A077C11009B785B /* Project object */ = {
			isa = PBXProject;
			attributes = {
				LastUpgradeCheck = 0610;
				ORGANIZATIONNAME = edou;
				TargetAttributes = {
					2DF135571A077C11009B785B = {
						CreatedOnToolsVersion = 6.1;
					};
					2DF1356C1A077C11009B785B = {
						CreatedOnToolsVersion = 6.1;
						TestTargetID = 2DF135571A077C11009B785B;
					};
				};
			};
			buildConfigurationList = 2DF135531A077C11009B785B /* Build configuration list for PBXProject "xghelper" */;
			compatibilityVersion = "Xcode 3.2";
			developmentRegion = English;
			hasScannedForEncodings = 0;
			knownRegions = (
				en,
				Base,
			);
			mainGroup = 2DF1354F1A077C11009B785B;
			productRefGroup = 2DF135591A077C11009B785B /* Products */;
			projectDirPath = "";
			projectRoot = "";
			targets = (
				2DF135571A077C11009B785B /* xghelper */,
				2DF1356C1A077C11009B785B /* xghelperTests */,
			);
		};
/* End PBXProject section */

/* Begin PBXResourcesBuildPhase section */
		2DF135561A077C11009B785B /* Resources */ = {
			isa = PBXResourcesBuildPhase;
			buildActionMask = 2147483647;
			files = (
				2DF135631A077C11009B785B /* Main.storyboard in Resources */,
				2DF135681A077C11009B785B /* LaunchScreen.xib in Resources */,
				2DF135651A077C11009B785B /* Images.xcassets in Resources */,
			);
			runOnlyForDeploymentPostprocessing = 0;
		};
		2DF1356B1A077C11009B785B /* Resources */ = {
			isa = PBXResourcesBuildPhase;
			buildActionMask = 2147483647;
			files = (
			);
			runOnlyForDeploymentPostprocessing = 0;
		};
/* End PBXResourcesBuildPhase section */

/* Begin PBXSourcesBuildPhase section */
		2DF135541A077C11009B785B /* Sources */ = {
			isa = PBXSourcesBuildPhase;
			buildActionMask = 2147483647;
			files = (
				2DF135601A077C11009B785B /* ViewController.swift in Sources */,
				2DF1355E1A077C11009B785B /* AppDelegate.swift in Sources */,
			);
			runOnlyForDeploymentPostprocessing = 0;
		};
		2DF135691A077C11009B785B /* Sources */ = {
			isa = PBXSourcesBuildPhase;
			buildActionMask = 2147483647;
			files = (
				2DF135741A077C11009B785B /* xghelperTests.swift in Sources */,
			);
			runOnlyForDeploymentPostprocessing = 0;
		};
/* End PBXSourcesBuildPhase section */

/* Begin PBXTargetDependency section */
		2DF1356F1A077C11009B785B /* PBXTargetDependency */ = {
			isa = PBXTargetDependency;
			target = 2DF135571A077C11009B785B /* xghelper */;
			targetProxy = 2DF1356E1A077C11009B785B /* PBXContainerItemProxy */;
		};
/* End PBXTargetDependency section */

/* Begin PBXVariantGroup section */
		2DF135611A077C11009B785B /* Main.storyboard */ = {
			isa = PBXVariantGroup;
			children = (
				2DF135621A077C11009B785B /* Base */,
			);
			name = Main.storyboard;
			sourceTree = "<group>";
		};
		2DF135661A077C11009B785B /* LaunchScreen.xib */ = {
			isa = PBXVariantGroup;
			children = (
				2DF135671A077C11009B785B /* Base */,
			);
			name = LaunchScreen.xib;
			sourceTree = "<group>";
		};
/* End PBXVariantGroup section */

/* Begin XCBuildConfiguration section */
		2DF135751A077C11009B785B /* Debug */ = {
			isa = XCBuildConfiguration;
			buildSettings = {
				ALWAYS_SEARCH_USER_PATHS = NO;
				CLANG_CXX_LANGUAGE_STANDARD = "gnu++0x";
				CLANG_CXX_LIBRARY = "libc++";
				CLANG_ENABLE_MODULES = YES;
				CLANG_ENABLE_OBJC_ARC = YES;
				CLANG_WARN_BOOL_CONVERSION = YES;
				CLANG_WARN_CONSTANT_CONVERSION = YES;
				CLANG_WARN_DIRECT_OBJC_ISA_USAGE = YES_ERROR;
				CLANG_WARN_EMPTY_BODY = YES;
				CLANG_WARN_ENUM_CONVERSION = YES;
				CLANG_WARN_INT_CONVERSION = YES;
				CLANG_WARN_OBJC_ROOT_CLASS = YES_ERROR;
				CLANG_WARN_UNREACHABLE_CODE = YES;
				CLANG_WARN__DUPLICATE_METHOD_MATCH = YES;
				"CODE_SIGN_IDENTITY[sdk=iphoneos*]" = "iPhone Developer";
				COPY_PHASE_STRIP = NO;
				ENABLE_STRICT_OBJC_MSGSEND = YES;
				GCC_C_LANGUAGE_STANDARD = gnu99;
				GCC_DYNAMIC_NO_PIC = NO;
				GCC_OPTIMIZATION_LEVEL = 0;
				GCC_PREPROCESSOR_DEFINITIONS = (
					"DEBUG=1",
					"$(inherited)",
				);
				GCC_SYMBOLS_PRIVATE_EXTERN = NO;
				GCC_WARN_64_TO_32_BIT_CONVERSION = YES;
				GCC_WARN_ABOUT_RETURN_TYPE = YES_ERROR;
				GCC_WARN_UNDECLARED_SELECTOR = YES;
				GCC_WARN_UNINITIALIZED_AUTOS = YES_AGGRESSIVE;
				GCC_WARN_UNUSED_FUNCTION = YES;
				GCC_WARN_UNUSED_VARIABLE = YES;
				IPHONEOS_DEPLOYMENT_TARGET = 8.1;
				MTL_ENABLE_DEBUG_INFO = YES;
				ONLY_ACTIVE_ARCH = YES;
				SDKROOT = iphoneos;
				SWIFT_OPTIMIZATION_LEVEL = "-Onone";
			};
			name = Debug;
		};
		2DF135761A077C11009B785B /* Release */ = {
			isa = XCBuildConfiguration;
			buildSettings = {
				ALWAYS_SEARCH_USER_PATHS = NO;
				CLANG_CXX_LANGUAGE_STANDARD = "gnu++0x";
				CLANG_CXX_LIBRARY = "libc++";
				CLANG_ENABLE_MODULES = YES;
				CLANG_ENABLE_OBJC_ARC = YES;
				CLANG_WARN_BOOL_CONVERSION = YES;
				CLANG_WARN_CONSTANT_CONVERSION = YES;
				CLANG_WARN_DIRECT_OBJC_ISA_USAGE = YES_ERROR;
				CLANG_WARN_EMPTY_BODY = YES;
				CLANG_WARN_ENUM_CONVERSION = YES;
				CLANG_WARN_INT_CONVERSION = YES;
				CLANG_WARN_OBJC_ROOT_CLASS = YES_ERROR;
				CLANG_WARN_UNREACHABLE_CODE = YES;
				CLANG_WARN__DUPLICATE_METHOD_MATCH = YES;
				"CODE_SIGN_IDENTITY[sdk=iphoneos*]" = "iPhone Developer";
				COPY_PHASE_STRIP = YES;
				ENABLE_NS_ASSERTIONS = NO;
				ENABLE_STRICT_OBJC_MSGSEND = YES;
				GCC_C_LANGUAGE_STANDARD = gnu99;
				GCC_WARN_64_TO_32_BIT_CONVERSION = YES;
				GCC_WARN_ABOUT_RETURN_TYPE = YES_ERROR;
				GCC_WARN_UNDECLARED_SELECTOR = YES;
				GCC_WARN_UNINITIALIZED_AUTOS = YES_AGGRESSIVE;
				GCC_WARN_UNUSED_FUNCTION = YES;
				GCC_WARN_UNUSED_VARIABLE = YES;
				IPHONEOS_DEPLOYMENT_TARGET = 8.1;
				MTL_ENABLE_DEBUG_INFO = NO;
				SDKROOT = iphoneos;
				VALIDATE_PRODUCT = YES;
			};
			name = Release;
		};
		2DF135781A077C11009B785B /* Debug */ = {
			isa = XCBuildConfiguration;
			buildSettings = {
				ASSETCATALOG_COMPILER_APPICON_NAME = AppIcon;
				INFOPLIST_FILE = xghelper/Info.plist;
				LD_RUNPATH_SEARCH_PATHS = "$(inherited) @executable_path/Frameworks";
				PRODUCT_NAME = "$(TARGET_NAME)";
			};
			name = Debug;
		};
		2DF135791A077C11009B785B /* Release */ = {
			isa = XCBuildConfiguration;
			buildSettings = {
				ASSETCATALOG_COMPILER_APPICON_NAME = AppIcon;
				INFOPLIST_FILE = xghelper/Info.plist;
				LD_RUNPATH_SEARCH_PATHS = "$(inherited) @executable_path/Frameworks";
				PRODUCT_NAME = "$(TARGET_NAME)";
			};
			name = Release;
		};
		2DF1357B1A077C11009B785B /* Debug */ = {
			isa = XCBuildConfiguration;
			buildSettings = {
				BUNDLE_LOADER = "$(TEST_HOST)";
				FRAMEWORK_SEARCH_PATHS = (
					"$(SDKROOT)/Developer/Library/Frameworks",
					"$(inherited)",
				);
				GCC_PREPROCESSOR_DEFINITIONS = (
					"DEBUG=1",
					"$(inherited)",
				);
				INFOPLIST_FILE = xghelperTests/Info.plist;
				LD_RUNPATH_SEARCH_PATHS = "$(inherited) @executable_path/Frameworks @loader_path/Frameworks";
				PRODUCT_NAME = "$(TARGET_NAME)";
				TEST_HOST = "$(BUILT_PRODUCTS_DIR)/xghelper.app/xghelper";
			};
			name = Debug;
		};
		2DF1357C1A077C11009B785B /* Release */ = {
			isa = XCBuildConfiguration;
			buildSettings = {
				BUNDLE_LOADER = "$(TEST_HOST)";
				FRAMEWORK_SEARCH_PATHS = (
					"$(SDKROOT)/Developer/Library/Frameworks",
					"$(inherited)",
				);
				INFOPLIST_FILE = xghelperTests/Info.plist;
				LD_RUNPATH_SEARCH_PATHS = "$(inherited) @executable_path/Frameworks @loader_path/Frameworks";
				PRODUCT_NAME = "$(TARGET_NAME)";
				TEST_HOST = "$(BUILT_PRODUCTS_DIR)/xghelper.app/xghelper";
			};
			name = Release;
		};
/* End XCBuildConfiguration section */

/* Begin XCConfigurationList section */
		2DF135531A077C11009B785B /* Build configuration list for PBXProject "xghelper" */ = {
			isa = XCConfigurationList;
			buildConfigurations = (
				2DF135751A077C11009B785B /* Debug */,
				2DF135761A077C11009B785B /* Release */,
			);
			defaultConfigurationIsVisible = 0;
			defaultConfigurationName = Release;
		};
		2DF135771A077C11009B785B /* Build configuration list for PBXNativeTarget "xghelper" */ = {
			isa = XCConfigurationList;
			buildConfigurations = (
				2DF135781A077C11009B785B /* Debug */,
				2DF135791A077C11009B785B /* Release */,
			);
			defaultConfigurationIsVisible = 0;
		};
		2DF1357A1A077C11009B785B /* Build configuration list for PBXNativeTarget "xghelperTests" */ = {
			isa = XCConfigurationList;
			buildConfigurations = (
				2DF1357B1A077C11009B785B /* Debug */,
				2DF1357C1A077C11009B785B /* Release */,
			);
			defaultConfigurationIsVisible = 0;
		};
/* End XCConfigurationList section */
	};
	rootObject = 2DF135501A077C11009B785B /* Project object */;
}
